
Microsoft Visual Studio Solution File, Format Version 12.00
# Visual Studio Version 17
VisualStudioVersion = 17.5.33414.496
MinimumVisualStudioVersion = 10.0.40219.1
Project("{FAE04EC0-301F-11D3-BF4B-00C04F79EFBC}") = "tekrarelement", "tekrarelement\tekrarelement.csproj", "{7639B65F-96F0-4D97-B3E5-3304C4F5DF8C}"
EndProject
Global
	GlobalSection(SolutionConfigurationPlatforms) = preSolution
		Debug|Any CPU = Debug|Any CPU
		Release|Any CPU = Release|Any CPU
	EndGlobalSection
	GlobalSection(ProjectConfigurationPlatforms) = postSolution
		{7639B65F-96F0-4D97-B3E5-3304C4F5DF8C}.Debug|Any CPU.ActiveCfg = Debug|Any CPU
		{7639B65F-96F0-4D97-B3E5-3304C4F5DF8C}.Debug|Any CPU.Build.0 = Debug|Any CPU
		{7639B65F-96F0-4D97-B3E5-3304C4F5DF8C}.Release|Any CPU.ActiveCfg = Release|Any CPU
		{7639B65F-96F0-4D97-B3E5-3304C4F5DF8C}.Release|Any CPU.Build.0 = Release|Any CPU
	EndGlobalSection
	GlobalSection(SolutionProperties) = preSolution
		HideSolutionNode = FALSE
	EndGlobalSection
	GlobalSection(ExtensibilityGlobals) = postSolution
		SolutionGuid = {C932B331-0BF2-460B-AC00-CCB2EA70EA05}
	EndGlobalSection
EndGlobal
